<Solution>
  <Configurations>
    <Platform Name="Any CPU" />
    <Platform Name="x64" />
    <Platform Name="x86" />
  </Configurations>
  <Project Path="Todo.Avalonia\Todo.Avalonia.csproj" Type="C#" />
  <Project Path="Todo.Ca.Application/Todo.Ca.Application.csproj" />
  <Project Path="Todo.Ca.Infrastructure/Todo.Ca.Infrastructure.csproj" />
  <Project Path="Todo.Domain\Todo.Domain.csproj" />
</Solution>